
Microsoft Visual Studio Solution File, Format Version 12.00
# Visual Studio Version 17
VisualStudioVersion = 17.4.33110.190
MinimumVisualStudioVersion = 10.0.40219.1
Project("{FAE04EC0-301F-11D3-BF4B-00C04F79EFBC}") = "OpAtribuicao", "OpAtribuicao\OpAtribuicao.csproj", "{4E021316-40A6-47E1-B8E8-8BD8AEF5D1AE}"
EndProject
Global
	GlobalSection(SolutionConfigurationPlatforms) = preSolution
		Debug|Any CPU = Debug|Any CPU
		Release|Any CPU = Release|Any CPU
	EndGlobalSection
	GlobalSection(ProjectConfigurationPlatforms) = postSolution
		{4E021316-40A6-47E1-B8E8-8BD8AEF5D1AE}.Debug|Any CPU.ActiveCfg = Debug|Any CPU
		{4E021316-40A6-47E1-B8E8-8BD8AEF5D1AE}.Debug|Any CPU.Build.0 = Debug|Any CPU
		{4E021316-40A6-47E1-B8E8-8BD8AEF5D1AE}.Release|Any CPU.ActiveCfg = Release|Any CPU
		{4E021316-40A6-47E1-B8E8-8BD8AEF5D1AE}.Release|Any CPU.Build.0 = Release|Any CPU
	EndGlobalSection
	GlobalSection(SolutionProperties) = preSolution
		HideSolutionNode = FALSE
	EndGlobalSection
	GlobalSection(ExtensibilityGlobals) = postSolution
		SolutionGuid = {30C81464-F489-464A-BAB9-982E68060276}
	EndGlobalSection
EndGlobal
