
Microsoft Visual Studio Solution File, Format Version 12.00
# Visual Studio Version 17
VisualStudioVersion = 17.4.33110.190
MinimumVisualStudioVersion = 10.0.40219.1
Project("{FAE04EC0-301F-11D3-BF4B-00C04F79EFBC}") = "Ecercicio1POO", "Ecercicio1POO.csproj", "{F68A6684-FC66-4A49-8A95-E33E7BDFD374}"
EndProject
Global
	GlobalSection(SolutionConfigurationPlatforms) = preSolution
		Debug|Any CPU = Debug|Any CPU
		Release|Any CPU = Release|Any CPU
	EndGlobalSection
	GlobalSection(ProjectConfigurationPlatforms) = postSolution
		{F68A6684-FC66-4A49-8A95-E33E7BDFD374}.Debug|Any CPU.ActiveCfg = Debug|Any CPU
		{F68A6684-FC66-4A49-8A95-E33E7BDFD374}.Debug|Any CPU.Build.0 = Debug|Any CPU
		{F68A6684-FC66-4A49-8A95-E33E7BDFD374}.Release|Any CPU.ActiveCfg = Release|Any CPU
		{F68A6684-FC66-4A49-8A95-E33E7BDFD374}.Release|Any CPU.Build.0 = Release|Any CPU
	EndGlobalSection
	GlobalSection(SolutionProperties) = preSolution
		HideSolutionNode = FALSE
	EndGlobalSection
	GlobalSection(ExtensibilityGlobals) = postSolution
		SolutionGuid = {5023D301-28B4-4428-B37F-FA419DCD72B9}
	EndGlobalSection
EndGlobal
